// !$*UTF8*$!
{
	archiveVersion = 1;
	classes = {
	};
	objectVersion = 51;
	objects = {

/* Begin PBXBuildFile section */
		3A78959A25FA1BF4002652F5 /* APIManagerProvider.swift in Sources */ = {isa = PBXBuildFile; fileRef = 3A78959925FA1BF4002652F5 /* APIManagerProvider.swift */; };
		3A78959E25FA2013002652F5 /* Networkable.swift in Sources */ = {isa = PBXBuildFile; fileRef = 3A78959D25FA2013002652F5 /* Networkable.swift */; };
		3A7895A225FA20C7002652F5 /* JSONDataConverterService.swift in Sources */ = {isa = PBXBuildFile; fileRef = 3A7895A125FA20C7002652F5 /* JSONDataConverterService.swift */; };
		3A7895A525FA282A002652F5 /* Weather.swift in Sources */ = {isa = PBXBuildFile; fileRef = 3A7895A425FA282A002652F5 /* Weather.swift */; };
		3A7895B225FA3CC1002652F5 /* WeatherView.xib in Resources */ = {isa = PBXBuildFile; fileRef = 3A7895B125FA3CC1002652F5 /* WeatherView.xib */; };
		3AB2CDF725CDDF1B00620107 /* AppDelegate.swift in Sources */ = {isa = PBXBuildFile; fileRef = 3AB2CDF625CDDF1B00620107 /* AppDelegate.swift */; };
		3AB2CDF925CDDF1B00620107 /* SceneDelegate.swift in Sources */ = {isa = PBXBuildFile; fileRef = 3AB2CDF825CDDF1B00620107 /* SceneDelegate.swift */; };
		3AB2CDFE25CDDF1B00620107 /* Main.storyboard in Resources */ = {isa = PBXBuildFile; fileRef = 3AB2CDFC25CDDF1B00620107 /* Main.storyboard */; };
		3AB2CE0025CDDF2000620107 /* Assets.xcassets in Resources */ = {isa = PBXBuildFile; fileRef = 3AB2CDFF25CDDF2000620107 /* Assets.xcassets */; };
		3AB2CE0325CDDF2000620107 /* LaunchScreen.storyboard in Resources */ = {isa = PBXBuildFile; fileRef = 3AB2CE0125CDDF2000620107 /* LaunchScreen.storyboard */; };
		3AB2CE1325CE32CD00620107 /* APIManagerNetwork.swift in Sources */ = {isa = PBXBuildFile; fileRef = 3AB2CE1225CE32CD00620107 /* APIManagerNetwork.swift */; };
		3AB2CE1C25CF120B00620107 /* ResponceModel.swift in Sources */ = {isa = PBXBuildFile; fileRef = 3AB2CE1B25CF120B00620107 /* ResponceModel.swift */; };
		3AB2CE2A25CF5D4800620107 /* Coordinates.swift in Sources */ = {isa = PBXBuildFile; fileRef = 3AB2CE2925CF5D4800620107 /* Coordinates.swift */; };
		3AB2CE3325CF649300620107 /* CustomTableViewCell.swift in Sources */ = {isa = PBXBuildFile; fileRef = 3AB2CE3125CF649300620107 /* CustomTableViewCell.swift */; };
		3AB2CE3425CF649300620107 /* CustomTableViewCell.xib in Resources */ = {isa = PBXBuildFile; fileRef = 3AB2CE3225CF649300620107 /* CustomTableViewCell.xib */; };
		3AB2CE3D25D0308F00620107 /* OpenWeatherViewController.swift in Sources */ = {isa = PBXBuildFile; fileRef = 3AB2CE3C25D0308F00620107 /* OpenWeatherViewController.swift */; };
		E0C75A0151D93AD7BA93CF12 /* Pods_OpenWeatherApp.framework in Frameworks */ = {isa = PBXBuildFile; fileRef = 451B9B30EF75643A8A2AB04D /* Pods_OpenWeatherApp.framework */; };
/* End PBXBuildFile section */

/* Begin PBXFileReference section */
		195C713F0DCE687157370BF7 /* Pods-OpenWeatherApp.debug.xcconfig */ = {isa = PBXFileReference; includeInIndex = 1; lastKnownFileType = text.xcconfig; name = "Pods-OpenWeatherApp.debug.xcconfig"; path = "Target Support Files/Pods-OpenWeatherApp/Pods-OpenWeatherApp.debug.xcconfig"; sourceTree = "<group>"; };
		3A78959925FA1BF4002652F5 /* APIManagerProvider.swift */ = {isa = PBXFileReference; lastKnownFileType = sourcecode.swift; path = APIManagerProvider.swift; sourceTree = "<group>"; };
		3A78959D25FA2013002652F5 /* Networkable.swift */ = {isa = PBXFileReference; lastKnownFileType = sourcecode.swift; path = Networkable.swift; sourceTree = "<group>"; };
		3A7895A125FA20C7002652F5 /* JSONDataConverterService.swift */ = {isa = PBXFileReference; lastKnownFileType = sourcecode.swift; path = JSONDataConverterService.swift; sourceTree = "<group>"; };
		3A7895A425FA282A002652F5 /* Weather.swift */ = {isa = PBXFileReference; lastKnownFileType = sourcecode.swift; path = Weather.swift; sourceTree = "<group>"; };
		3A7895B125FA3CC1002652F5 /* WeatherView.xib */ = {isa = PBXFileReference; lastKnownFileType = file.xib; path = WeatherView.xib; sourceTree = "<group>"; };
		3AB2CDF325CDDF1B00620107 /* OpenWeatherApp.app */ = {isa = PBXFileReference; explicitFileType = wrapper.application; includeInIndex = 0; path = OpenWeatherApp.app; sourceTree = BUILT_PRODUCTS_DIR; };
		3AB2CDF625CDDF1B00620107 /* AppDelegate.swift */ = {isa = PBXFileReference; lastKnownFileType = sourcecode.swift; path = AppDelegate.swift; sourceTree = "<group>"; };
		3AB2CDF825CDDF1B00620107 /* SceneDelegate.swift */ = {isa = PBXFileReference; lastKnownFileType = sourcecode.swift; path = SceneDelegate.swift; sourceTree = "<group>"; };
		3AB2CDFD25CDDF1B00620107 /* Base */ = {isa = PBXFileReference; lastKnownFileType = file.storyboard; name = Base; path = Base.lproj/Main.storyboard; sourceTree = "<group>"; };
		3AB2CDFF25CDDF2000620107 /* Assets.xcassets */ = {isa = PBXFileReference; lastKnownFileType = folder.assetcatalog; path = Assets.xcassets; sourceTree = "<group>"; };
		3AB2CE0225CDDF2000620107 /* Base */ = {isa = PBXFileReference; lastKnownFileType = file.storyboard; name = Base; path = Base.lproj/LaunchScreen.storyboard; sourceTree = "<group>"; };
		3AB2CE0425CDDF2000620107 /* Info.plist */ = {isa = PBXFileReference; lastKnownFileType = text.plist.xml; path = Info.plist; sourceTree = "<group>"; };
		3AB2CE1225CE32CD00620107 /* APIManagerNetwork.swift */ = {isa = PBXFileReference; lastKnownFileType = sourcecode.swift; path = APIManagerNetwork.swift; sourceTree = "<group>"; };
		3AB2CE1B25CF120B00620107 /* ResponceModel.swift */ = {isa = PBXFileReference; lastKnownFileType = sourcecode.swift; path = ResponceModel.swift; sourceTree = "<group>"; };
		3AB2CE2925CF5D4800620107 /* Coordinates.swift */ = {isa = PBXFileReference; lastKnownFileType = sourcecode.swift; path = Coordinates.swift; sourceTree = "<group>"; };
		3AB2CE3125CF649300620107 /* CustomTableViewCell.swift */ = {isa = PBXFileReference; lastKnownFileType = sourcecode.swift; path = CustomTableViewCell.swift; sourceTree = "<group>"; };
		3AB2CE3225CF649300620107 /* CustomTableViewCell.xib */ = {isa = PBXFileReference; lastKnownFileType = file.xib; path = CustomTableViewCell.xib; sourceTree = "<group>"; };
		3AB2CE3C25D0308F00620107 /* OpenWeatherViewController.swift */ = {isa = PBXFileReference; lastKnownFileType = sourcecode.swift; path = OpenWeatherViewController.swift; sourceTree = "<group>"; };
		451B9B30EF75643A8A2AB04D /* Pods_OpenWeatherApp.framework */ = {isa = PBXFileReference; explicitFileType = wrapper.framework; includeInIndex = 0; path = Pods_OpenWeatherApp.framework; sourceTree = BUILT_PRODUCTS_DIR; };
		68B950806D37668A4FD9A7E5 /* Pods-OpenWeatherApp.release.xcconfig */ = {isa = PBXFileReference; includeInIndex = 1; lastKnownFileType = text.xcconfig; name = "Pods-OpenWeatherApp.release.xcconfig"; path = "Target Support Files/Pods-OpenWeatherApp/Pods-OpenWeatherApp.release.xcconfig"; sourceTree = "<group>"; };
/* End PBXFileReference section */

/* Begin PBXFrameworksBuildPhase section */
		3AB2CDF025CDDF1A00620107 /* Frameworks */ = {
			isa = PBXFrameworksBuildPhase;
			buildActionMask = 2147483647;
			files = (
				E0C75A0151D93AD7BA93CF12 /* Pods_OpenWeatherApp.framework in Frameworks */,
			);
			runOnlyForDeploymentPostprocessing = 0;
		};
/* End PBXFrameworksBuildPhase section */

/* Begin PBXGroup section */
		3A78959C25FA1FF2002652F5 /* Handlers */ = {
			isa = PBXGroup;
			children = (
				3A78959D25FA2013002652F5 /* Networkable.swift */,
				3A7895A125FA20C7002652F5 /* JSONDataConverterService.swift */,
			);
			path = Handlers;
			sourceTree = "<group>";
		};
		3A7895B025FA3C77002652F5 /* WeatherViewXib */ = {
			isa = PBXGroup;
			children = (
				3A7895B125FA3CC1002652F5 /* WeatherView.xib */,
			);
			path = WeatherViewXib;
			sourceTree = "<group>";
		};
		3AB2CDEA25CDDF1A00620107 = {
			isa = PBXGroup;
			children = (
				3AB2CDF525CDDF1B00620107 /* OpenWeatherApp */,
				3AB2CDF425CDDF1B00620107 /* Products */,
				F1363461A4CBE48717B6B680 /* Pods */,
				8FBB3B7076BB0F35CE56547F /* Frameworks */,
			);
			sourceTree = "<group>";
		};
		3AB2CDF425CDDF1B00620107 /* Products */ = {
			isa = PBXGroup;
			children = (
				3AB2CDF325CDDF1B00620107 /* OpenWeatherApp.app */,
			);
			name = Products;
			sourceTree = "<group>";
		};
		3AB2CDF525CDDF1B00620107 /* OpenWeatherApp */ = {
			isa = PBXGroup;
			children = (
				3A7895B025FA3C77002652F5 /* WeatherViewXib */,
				3AB2CE2F25CF629C00620107 /* TableViewCustomeCell */,
				3AB2CE2D25CF626F00620107 /* WeatherView */,
				3AB2CE0D25CE2F3800620107 /* Model */,
				3AB2CE0C25CE2F1500620107 /* APIManger */,
				3AB2CDF625CDDF1B00620107 /* AppDelegate.swift */,
				3AB2CDF825CDDF1B00620107 /* SceneDelegate.swift */,
				3AB2CDFC25CDDF1B00620107 /* Main.storyboard */,
				3AB2CDFF25CDDF2000620107 /* Assets.xcassets */,
				3AB2CE0125CDDF2000620107 /* LaunchScreen.storyboard */,
				3AB2CE0425CDDF2000620107 /* Info.plist */,
			);
			path = OpenWeatherApp;
			sourceTree = "<group>";
		};
		3AB2CE0C25CE2F1500620107 /* APIManger */ = {
			isa = PBXGroup;
			children = (
				3A78959C25FA1FF2002652F5 /* Handlers */,
				3AB2CE1225CE32CD00620107 /* APIManagerNetwork.swift */,
				3A78959925FA1BF4002652F5 /* APIManagerProvider.swift */,
				3A7895A425FA282A002652F5 /* Weather.swift */,
			);
			path = APIManger;
			sourceTree = "<group>";
		};
		3AB2CE0D25CE2F3800620107 /* Model */ = {
			isa = PBXGroup;
			children = (
				3AB2CE1B25CF120B00620107 /* ResponceModel.swift */,
				3AB2CE2925CF5D4800620107 /* Coordinates.swift */,
			);
			path = Model;
			sourceTree = "<group>";
		};
		3AB2CE2D25CF626F00620107 /* WeatherView */ = {
			isa = PBXGroup;
			children = (
				3AB2CE3C25D0308F00620107 /* OpenWeatherViewController.swift */,
			);
			path = WeatherView;
			sourceTree = "<group>";
		};
		3AB2CE2F25CF629C00620107 /* TableViewCustomeCell */ = {
			isa = PBXGroup;
			children = (
				3AB2CE3125CF649300620107 /* CustomTableViewCell.swift */,
				3AB2CE3225CF649300620107 /* CustomTableViewCell.xib */,
			);
			path = TableViewCustomeCell;
			sourceTree = "<group>";
		};
		8FBB3B7076BB0F35CE56547F /* Frameworks */ = {
			isa = PBXGroup;
			children = (
				451B9B30EF75643A8A2AB04D /* Pods_OpenWeatherApp.framework */,
			);
			name = Frameworks;
			sourceTree = "<group>";
		};
		F1363461A4CBE48717B6B680 /* Pods */ = {
			isa = PBXGroup;
			children = (
				195C713F0DCE687157370BF7 /* Pods-OpenWeatherApp.debug.xcconfig */,
				68B950806D37668A4FD9A7E5 /* Pods-OpenWeatherApp.release.xcconfig */,
			);
			path = Pods;
			sourceTree = "<group>";
		};
/* End PBXGroup section */

/* Begin PBXNativeTarget section */
		3AB2CDF225CDDF1A00620107 /* OpenWeatherApp */ = {
			isa = PBXNativeTarget;
			buildConfigurationList = 3AB2CE0725CDDF2000620107 /* Build configuration list for PBXNativeTarget "OpenWeatherApp" */;
			buildPhases = (
				D4404D386169EEE1D33BFF7C /* [CP] Check Pods Manifest.lock */,
				3AB2CDEF25CDDF1A00620107 /* Sources */,
				3AB2CDF025CDDF1A00620107 /* Frameworks */,
				3AB2CDF125CDDF1A00620107 /* Resources */,
				BFBEC25A5C8275F25A78C144 /* [CP] Embed Pods Frameworks */,
			);
			buildRules = (
			);
			dependencies = (
			);
			name = OpenWeatherApp;
			productName = OpenWeatherApp;
			productReference = 3AB2CDF325CDDF1B00620107 /* OpenWeatherApp.app */;
			productType = "com.apple.product-type.application";
		};
/* End PBXNativeTarget section */

/* Begin PBXProject section */
		3AB2CDEB25CDDF1A00620107 /* Project object */ = {
			isa = PBXProject;
			attributes = {
				LastSwiftUpdateCheck = 1230;
				LastUpgradeCheck = 1230;
				TargetAttributes = {
					3AB2CDF225CDDF1A00620107 = {
						CreatedOnToolsVersion = 12.3;
					};
				};
			};
			buildConfigurationList = 3AB2CDEE25CDDF1A00620107 /* Build configuration list for PBXProject "OpenWeatherApp" */;
			compatibilityVersion = "Xcode 9.3";
			developmentRegion = en;
			hasScannedForEncodings = 0;
			knownRegions = (
				en,
				Base,
			);
			mainGroup = 3AB2CDEA25CDDF1A00620107;
			productRefGroup = 3AB2CDF425CDDF1B00620107 /* Products */;
			projectDirPath = "";
			projectRoot = "";
			targets = (
				3AB2CDF225CDDF1A00620107 /* OpenWeatherApp */,
			);
		};
/* End PBXProject section */

/* Begin PBXResourcesBuildPhase section */
		3AB2CDF125CDDF1A00620107 /* Resources */ = {
			isa = PBXResourcesBuildPhase;
			buildActionMask = 2147483647;
			files = (
				3A7895B225FA3CC1002652F5 /* WeatherView.xib in Resources */,
				3AB2CE0325CDDF2000620107 /* LaunchScreen.storyboard in Resources */,
				3AB2CE0025CDDF2000620107 /* Assets.xcassets in Resources */,
				3AB2CE3425CF649300620107 /* CustomTableViewCell.xib in Resources */,
				3AB2CDFE25CDDF1B00620107 /* Main.storyboard in Resources */,
			);
			runOnlyForDeploymentPostprocessing = 0;
		};
/* End PBXResourcesBuildPhase section */

/* Begin PBXShellScriptBuildPhase section */
		BFBEC25A5C8275F25A78C144 /* [CP] Embed Pods Frameworks */ = {
			isa = PBXShellScriptBuildPhase;
			buildActionMask = 2147483647;
			files = (
			);
			inputFileListPaths = (
				"${PODS_ROOT}/Target Support Files/Pods-OpenWeatherApp/Pods-OpenWeatherApp-frameworks-${CONFIGURATION}-input-files.xcfilelist",
			);
			name = "[CP] Embed Pods Frameworks";
			outputFileListPaths = (
				"${PODS_ROOT}/Target Support Files/Pods-OpenWeatherApp/Pods-OpenWeatherApp-frameworks-${CONFIGURATION}-output-files.xcfilelist",
			);
			runOnlyForDeploymentPostprocessing = 0;
			shellPath = /bin/sh;
			shellScript = "\"${PODS_ROOT}/Target Support Files/Pods-OpenWeatherApp/Pods-OpenWeatherApp-frameworks.sh\"\n";
			showEnvVarsInLog = 0;
		};
		D4404D386169EEE1D33BFF7C /* [CP] Check Pods Manifest.lock */ = {
			isa = PBXShellScriptBuildPhase;
			buildActionMask = 2147483647;
			files = (
			);
			inputFileListPaths = (
			);
			inputPaths = (
				"${PODS_PODFILE_DIR_PATH}/Podfile.lock",
				"${PODS_ROOT}/Manifest.lock",
			);
			name = "[CP] Check Pods Manifest.lock";
			outputFileListPaths = (
			);
			outputPaths = (
				"$(DERIVED_FILE_DIR)/Pods-OpenWeatherApp-checkManifestLockResult.txt",
			);
			runOnlyForDeploymentPostprocessing = 0;
			shellPath = /bin/sh;
			shellScript = "diff \"${PODS_PODFILE_DIR_PATH}/Podfile.lock\" \"${PODS_ROOT}/Manifest.lock\" > /dev/null\nif [ $? != 0 ] ; then\n    # print error to STDERR\n    echo \"error: The sandbox is not in sync with the Podfile.lock. Run 'pod install' or update your CocoaPods installation.\" >&2\n    exit 1\nfi\n# This output is used by Xcode 'outputs' to avoid re-running this script phase.\necho \"SUCCESS\" > \"${SCRIPT_OUTPUT_FILE_0}\"\n";
			showEnvVarsInLog = 0;
		};
/* End PBXShellScriptBuildPhase section */

/* Begin PBXSourcesBuildPhase section */
		3AB2CDEF25CDDF1A00620107 /* Sources */ = {
			isa = PBXSourcesBuildPhase;
			buildActionMask = 2147483647;
			files = (
				3AB2CE1C25CF120B00620107 /* ResponceModel.swift in Sources */,
				3A78959E25FA2013002652F5 /* Networkable.swift in Sources */,
				3AB2CDF725CDDF1B00620107 /* AppDelegate.swift in Sources */,
				3A7895A525FA282A002652F5 /* Weather.swift in Sources */,
				3AB2CE3D25D0308F00620107 /* OpenWeatherViewController.swift in Sources */,
				3A78959A25FA1BF4002652F5 /* APIManagerProvider.swift in Sources */,
				3AB2CE3325CF649300620107 /* CustomTableViewCell.swift in Sources */,
				3AB2CE2A25CF5D4800620107 /* Coordinates.swift in Sources */,
				3AB2CE1325CE32CD00620107 /* APIManagerNetwork.swift in Sources */,
				3A7895A225FA20C7002652F5 /* JSONDataConverterService.swift in Sources */,
				3AB2CDF925CDDF1B00620107 /* SceneDelegate.swift in Sources */,
			);
			runOnlyForDeploymentPostprocessing = 0;
		};
/* End PBXSourcesBuildPhase section */

/* Begin PBXVariantGroup section */
		3AB2CDFC25CDDF1B00620107 /* Main.storyboard */ = {
			isa = PBXVariantGroup;
			children = (
				3AB2CDFD25CDDF1B00620107 /* Base */,
			);
			name = Main.storyboard;
			sourceTree = "<group>";
		};
		3AB2CE0125CDDF2000620107 /* LaunchScreen.storyboard */ = {
			isa = PBXVariantGroup;
			children = (
				3AB2CE0225CDDF2000620107 /* Base */,
			);
			name = LaunchScreen.storyboard;
			sourceTree = "<group>";
		};
/* End PBXVariantGroup section */

/* Begin XCBuildConfiguration section */
		3AB2CE0525CDDF2000620107 /* Debug */ = {
			isa = XCBuildConfiguration;
			buildSettings = {
				ALWAYS_SEARCH_USER_PATHS = NO;
				CLANG_ANALYZER_NONNULL = YES;
				CLANG_ANALYZER_NUMBER_OBJECT_CONVERSION = YES_AGGRESSIVE;
				CLANG_CXX_LANGUAGE_STANDARD = "gnu++14";
				CLANG_CXX_LIBRARY = "libc++";
				CLANG_ENABLE_MODULES = YES;
				CLANG_ENABLE_OBJC_ARC = YES;
				CLANG_ENABLE_OBJC_WEAK = YES;
				CLANG_WARN_BLOCK_CAPTURE_AUTORELEASING = YES;
				CLANG_WARN_BOOL_CONVERSION = YES;
				CLANG_WARN_COMMA = YES;
				CLANG_WARN_CONSTANT_CONVERSION = YES;
				CLANG_WARN_DEPRECATED_OBJC_IMPLEMENTATIONS = YES;
				CLANG_WARN_DIRECT_OBJC_ISA_USAGE = YES_ERROR;
				CLANG_WARN_DOCUMENTATION_COMMENTS = YES;
				CLANG_WARN_EMPTY_BODY = YES;
				CLANG_WARN_ENUM_CONVERSION = YES;
				CLANG_WARN_INFINITE_RECURSION = YES;
				CLANG_WARN_INT_CONVERSION = YES;
				CLANG_WARN_NON_LITERAL_NULL_CONVERSION = YES;
				CLANG_WARN_OBJC_IMPLICIT_RETAIN_SELF = YES;
				CLANG_WARN_OBJC_LITERAL_CONVERSION = YES;
				CLANG_WARN_OBJC_ROOT_CLASS = YES_ERROR;
				CLANG_WARN_QUOTED_INCLUDE_IN_FRAMEWORK_HEADER = YES;
				CLANG_WARN_RANGE_LOOP_ANALYSIS = YES;
				CLANG_WARN_STRICT_PROTOTYPES = YES;
				CLANG_WARN_SUSPICIOUS_MOVE = YES;
				CLANG_WARN_UNGUARDED_AVAILABILITY = YES_AGGRESSIVE;
				CLANG_WARN_UNREACHABLE_CODE = YES;
				CLANG_WARN__DUPLICATE_METHOD_MATCH = YES;
				COPY_PHASE_STRIP = NO;
				DEBUG_INFORMATION_FORMAT = dwarf;
				ENABLE_STRICT_OBJC_MSGSEND = YES;
				ENABLE_TESTABILITY = YES;
				GCC_C_LANGUAGE_STANDARD = gnu11;
				GCC_DYNAMIC_NO_PIC = NO;
				GCC_NO_COMMON_BLOCKS = YES;
				GCC_OPTIMIZATION_LEVEL = 0;
				GCC_PREPROCESSOR_DEFINITIONS = (
					"DEBUG=1",
					"$(inherited)",
				);
				GCC_WARN_64_TO_32_BIT_CONVERSION = YES;
				GCC_WARN_ABOUT_RETURN_TYPE = YES_ERROR;
				GCC_WARN_UNDECLARED_SELECTOR = YES;
				GCC_WARN_UNINITIALIZED_AUTOS = YES_AGGRESSIVE;
				GCC_WARN_UNUSED_FUNCTION = YES;
				GCC_WARN_UNUSED_VARIABLE = YES;
				IPHONEOS_DEPLOYMENT_TARGET = 14.3;
				MTL_ENABLE_DEBUG_INFO = INCLUDE_SOURCE;
				MTL_FAST_MATH = YES;
				ONLY_ACTIVE_ARCH = YES;
				SDKROOT = iphoneos;
				SWIFT_ACTIVE_COMPILATION_CONDITIONS = DEBUG;
				SWIFT_OPTIMIZATION_LEVEL = "-Onone";
			};
			name = Debug;
		};
		3AB2CE0625CDDF2000620107 /* Release */ = {
			isa = XCBuildConfiguration;
			buildSettings = {
				ALWAYS_SEARCH_USER_PATHS = NO;
				CLANG_ANALYZER_NONNULL = YES;
				CLANG_ANALYZER_NUMBER_OBJECT_CONVERSION = YES_AGGRESSIVE;
				CLANG_CXX_LANGUAGE_STANDARD = "gnu++14";
				CLANG_CXX_LIBRARY = "libc++";
				CLANG_ENABLE_MODULES = YES;
				CLANG_ENABLE_OBJC_ARC = YES;
				CLANG_ENABLE_OBJC_WEAK = YES;
				CLANG_WARN_BLOCK_CAPTURE_AUTORELEASING = YES;
				CLANG_WARN_BOOL_CONVERSION = YES;
				CLANG_WARN_COMMA = YES;
				CLANG_WARN_CONSTANT_CONVERSION = YES;
				CLANG_WARN_DEPRECATED_OBJC_IMPLEMENTATIONS = YES;
				CLANG_WARN_DIRECT_OBJC_ISA_USAGE = YES_ERROR;
				CLANG_WARN_DOCUMENTATION_COMMENTS = YES;
				CLANG_WARN_EMPTY_BODY = YES;
				CLANG_WARN_ENUM_CONVERSION = YES;
				CLANG_WARN_INFINITE_RECURSION = YES;
				CLANG_WARN_INT_CONVERSION = YES;
				CLANG_WARN_NON_LITERAL_NULL_CONVERSION = YES;
				CLANG_WARN_OBJC_IMPLICIT_RETAIN_SELF = YES;
				CLANG_WARN_OBJC_LITERAL_CONVERSION = YES;
				CLANG_WARN_OBJC_ROOT_CLASS = YES_ERROR;
				CLANG_WARN_QUOTED_INCLUDE_IN_FRAMEWORK_HEADER = YES;
				CLANG_WARN_RANGE_LOOP_ANALYSIS = YES;
				CLANG_WARN_STRICT_PROTOTYPES = YES;
				CLANG_WARN_SUSPICIOUS_MOVE = YES;
				CLANG_WARN_UNGUARDED_AVAILABILITY = YES_AGGRESSIVE;
				CLANG_WARN_UNREACHABLE_CODE = YES;
				CLANG_WARN__DUPLICATE_METHOD_MATCH = YES;
				COPY_PHASE_STRIP = NO;
				DEBUG_INFORMATION_FORMAT = "dwarf-with-dsym";
				ENABLE_NS_ASSERTIONS = NO;
				ENABLE_STRICT_OBJC_MSGSEND = YES;
				GCC_C_LANGUAGE_STANDARD = gnu11;
				GCC_NO_COMMON_BLOCKS = YES;
				GCC_WARN_64_TO_32_BIT_CONVERSION = YES;
				GCC_WARN_ABOUT_RETURN_TYPE = YES_ERROR;
				GCC_WARN_UNDECLARED_SELECTOR = YES;
				GCC_WARN_UNINITIALIZED_AUTOS = YES_AGGRESSIVE;
				GCC_WARN_UNUSED_FUNCTION = YES;
				GCC_WARN_UNUSED_VARIABLE = YES;
				IPHONEOS_DEPLOYMENT_TARGET = 14.3;
				MTL_ENABLE_DEBUG_INFO = NO;
				MTL_FAST_MATH = YES;
				SDKROOT = iphoneos;
				SWIFT_COMPILATION_MODE = wholemodule;
				SWIFT_OPTIMIZATION_LEVEL = "-O";
				VALIDATE_PRODUCT = YES;
			};
			name = Release;
		};
		3AB2CE0825CDDF2000620107 /* Debug */ = {
			isa = XCBuildConfiguration;
			baseConfigurationReference = 195C713F0DCE687157370BF7 /* Pods-OpenWeatherApp.debug.xcconfig */;
			buildSettings = {
				ASSETCATALOG_COMPILER_APPICON_NAME = AppIcon;
				ASSETCATALOG_COMPILER_GLOBAL_ACCENT_COLOR_NAME = AccentColor;
				CODE_SIGN_STYLE = Automatic;
				DEVELOPMENT_TEAM = 7G5Q9T24E6;
				INFOPLIST_FILE = OpenWeatherApp/Info.plist;
				LD_RUNPATH_SEARCH_PATHS = (
					"$(inherited)",
					"@executable_path/Frameworks",
				);
				PRODUCT_BUNDLE_IDENTIFIER = AD.OpenWeatherApp;
				PRODUCT_NAME = "$(TARGET_NAME)";
				SWIFT_VERSION = 5.0;
				TARGETED_DEVICE_FAMILY = "1,2";
			};
			name = Debug;
		};
		3AB2CE0925CDDF2000620107 /* Release */ = {
			isa = XCBuildConfiguration;
			baseConfigurationReference = 68B950806D37668A4FD9A7E5 /* Pods-OpenWeatherApp.release.xcconfig */;
			buildSettings = {
				ASSETCATALOG_COMPILER_APPICON_NAME = AppIcon;
				ASSETCATALOG_COMPILER_GLOBAL_ACCENT_COLOR_NAME = AccentColor;
				CODE_SIGN_STYLE = Automatic;
				DEVELOPMENT_TEAM = 7G5Q9T24E6;
				INFOPLIST_FILE = OpenWeatherApp/Info.plist;
				LD_RUNPATH_SEARCH_PATHS = (
					"$(inherited)",
					"@executable_path/Frameworks",
				);
				PRODUCT_BUNDLE_IDENTIFIER = AD.OpenWeatherApp;
				PRODUCT_NAME = "$(TARGET_NAME)";
				SWIFT_VERSION = 5.0;
				TARGETED_DEVICE_FAMILY = "1,2";
			};
			name = Release;
		};
/* End XCBuildConfiguration section */

/* Begin XCConfigurationList section */
		3AB2CDEE25CDDF1A00620107 /* Build configuration list for PBXProject "OpenWeatherApp" */ = {
			isa = XCConfigurationList;
			buildConfigurations = (
				3AB2CE0525CDDF2000620107 /* Debug */,
				3AB2CE0625CDDF2000620107 /* Release */,
			);
			defaultConfigurationIsVisible = 0;
			defaultConfigurationName = Release;
		};
		3AB2CE0725CDDF2000620107 /* Build configuration list for PBXNativeTarget "OpenWeatherApp" */ = {
			isa = XCConfigurationList;
			buildConfigurations = (
				3AB2CE0825CDDF2000620107 /* Debug */,
				3AB2CE0925CDDF2000620107 /* Release */,
			);
			defaultConfigurationIsVisible = 0;
			defaultConfigurationName = Release;
		};
/* End XCConfigurationList section */
	};
	rootObject = 3AB2CDEB25CDDF1A00620107 /* Project object */;
}
